
Microsoft Visual Studio Solution File, Format Version 12.00
Project("{FAE04EC0-301F-11D3-BF4B-00C04F79EFBC}") = "sis-biblioteca", "sis-biblioteca.csproj", "{332738A5-8073-47A8-BD0D-8EF60F1E1177}"
EndProject
Global
	GlobalSection(SolutionConfigurationPlatforms) = preSolution
		Debug|Any CPU = Debug|Any CPU
		Release|Any CPU = Release|Any CPU
	EndGlobalSection
	GlobalSection(ProjectConfigurationPlatforms) = postSolution
		{332738A5-8073-47A8-BD0D-8EF60F1E1177}.Debug|Any CPU.ActiveCfg = Debug|Any CPU
		{332738A5-8073-47A8-BD0D-8EF60F1E1177}.Debug|Any CPU.Build.0 = Debug|Any CPU
		{332738A5-8073-47A8-BD0D-8EF60F1E1177}.Release|Any CPU.ActiveCfg = Release|Any CPU
		{332738A5-8073-47A8-BD0D-8EF60F1E1177}.Release|Any CPU.Build.0 = Release|Any CPU
	EndGlobalSection
EndGlobal
